
Microsoft Visual Studio Solution File, Format Version 12.00
Project("{FAE04EC0-301F-11D3-BF4B-00C04F79EFBC}") = "SnapiWebApi", "SnapiWebApi\SnapiWebApi.csproj", "{13289CBA-3F31-4C4E-BA62-47D29449C49E}"
EndProject
Project("{FAE04EC0-301F-11D3-BF4B-00C04F79EFBC}") = "SnapiCore", "SnapiCore\SnapiCore.csproj", "{2DBE8BB0-F4A4-46B8-AA08-70B0919A79FA}"
EndProject
Project("{FAE04EC0-301F-11D3-BF4B-00C04F79EFBC}") = "SnapiCore.IntegrationTests", "SnapiCore.IntegrationTests\SnapiCore.IntegrationTests.csproj", "{4A11F338-4712-4DC1-BEA8-CF7BF77AFFA9}"
EndProject
Global
	GlobalSection(SolutionConfigurationPlatforms) = preSolution
		Debug|Any CPU = Debug|Any CPU
		Release|Any CPU = Release|Any CPU
	EndGlobalSection
	GlobalSection(ProjectConfigurationPlatforms) = postSolution
		{13289CBA-3F31-4C4E-BA62-47D29449C49E}.Debug|Any CPU.ActiveCfg = Debug|Any CPU
		{13289CBA-3F31-4C4E-BA62-47D29449C49E}.Debug|Any CPU.Build.0 = Debug|Any CPU
		{13289CBA-3F31-4C4E-BA62-47D29449C49E}.Release|Any CPU.ActiveCfg = Release|Any CPU
		{13289CBA-3F31-4C4E-BA62-47D29449C49E}.Release|Any CPU.Build.0 = Release|Any CPU
		{2DBE8BB0-F4A4-46B8-AA08-70B0919A79FA}.Debug|Any CPU.ActiveCfg = Debug|Any CPU
		{2DBE8BB0-F4A4-46B8-AA08-70B0919A79FA}.Debug|Any CPU.Build.0 = Debug|Any CPU
		{2DBE8BB0-F4A4-46B8-AA08-70B0919A79FA}.Release|Any CPU.ActiveCfg = Release|Any CPU
		{2DBE8BB0-F4A4-46B8-AA08-70B0919A79FA}.Release|Any CPU.Build.0 = Release|Any CPU
		{4A11F338-4712-4DC1-BEA8-CF7BF77AFFA9}.Debug|Any CPU.ActiveCfg = Debug|Any CPU
		{4A11F338-4712-4DC1-BEA8-CF7BF77AFFA9}.Debug|Any CPU.Build.0 = Debug|Any CPU
		{4A11F338-4712-4DC1-BEA8-CF7BF77AFFA9}.Release|Any CPU.ActiveCfg = Release|Any CPU
		{4A11F338-4712-4DC1-BEA8-CF7BF77AFFA9}.Release|Any CPU.Build.0 = Release|Any CPU
	EndGlobalSection
EndGlobal
